// !$*UTF8*$!
{
	archiveVersion = 1;
	classes = {
	};
	objectVersion = 56;
	objects = {

/* Begin PBXBuildFile section */
		3B61155229269FE200AF62E6 /* AppDelegate.swift in Sources */ = {isa = PBXBuildFile; fileRef = 3B61155129269FE200AF62E6 /* AppDelegate.swift */; };
		3B61155429269FE200AF62E6 /* SceneDelegate.swift in Sources */ = {isa = PBXBuildFile; fileRef = 3B61155329269FE200AF62E6 /* SceneDelegate.swift */; };
		3B61155629269FE200AF62E6 /* ViewController.swift in Sources */ = {isa = PBXBuildFile; fileRef = 3B61155529269FE200AF62E6 /* ViewController.swift */; };
		3B61155B29269FE300AF62E6 /* Image.xcassets in Resources */ = {isa = PBXBuildFile; fileRef = 3B61155A29269FE300AF62E6 /* Image.xcassets */; };
		3B61155E29269FE300AF62E6 /* LaunchScreen.storyboard in Resources */ = {isa = PBXBuildFile; fileRef = 3B61155C29269FE300AF62E6 /* LaunchScreen.storyboard */; };
		3B61156E2926AABA00AF62E6 /* Color.xcassets in Resources */ = {isa = PBXBuildFile; fileRef = 3B61156D2926AABA00AF62E6 /* Color.xcassets */; };
		3B6115732926AB0B00AF62E6 /* UIView+.swift in Sources */ = {isa = PBXBuildFile; fileRef = 3B6115722926AB0B00AF62E6 /* UIView+.swift */; };
		3B6115752926AB2A00AF62E6 /* UIstackView+.swift in Sources */ = {isa = PBXBuildFile; fileRef = 3B6115742926AB2900AF62E6 /* UIstackView+.swift */; };
		3B6115772926ADB100AF62E6 /* UITabBar+.swift in Sources */ = {isa = PBXBuildFile; fileRef = 3B6115762926ADB100AF62E6 /* UITabBar+.swift */; };
		3B6115792926AEAA00AF62E6 /* Color.swift in Sources */ = {isa = PBXBuildFile; fileRef = 3B6115782926AEAA00AF62E6 /* Color.swift */; };
		3B61157C2926AEB600AF62E6 /* String.swift in Sources */ = {isa = PBXBuildFile; fileRef = 3B61157B2926AEB600AF62E6 /* String.swift */; };
		3B61157E2926AEC300AF62E6 /* Image.swift in Sources */ = {isa = PBXBuildFile; fileRef = 3B61157D2926AEC300AF62E6 /* Image.swift */; };
		3B6115802926B00B00AF62E6 /* Const.swift in Sources */ = {isa = PBXBuildFile; fileRef = 3B61157F2926B00B00AF62E6 /* Const.swift */; };
		3B6115822926B0F800AF62E6 /* Adjusted+.swift in Sources */ = {isa = PBXBuildFile; fileRef = 3B6115812926B0F800AF62E6 /* Adjusted+.swift */; };
		3B6115852926B45B00AF62E6 /* SnapKit in Frameworks */ = {isa = PBXBuildFile; productRef = 3B6115842926B45B00AF62E6 /* SnapKit */; };
		3B6115882926B46800AF62E6 /* Kingfisher in Frameworks */ = {isa = PBXBuildFile; productRef = 3B6115872926B46800AF62E6 /* Kingfisher */; };
		3B61158B2926B47000AF62E6 /* Then in Frameworks */ = {isa = PBXBuildFile; productRef = 3B61158A2926B47000AF62E6 /* Then */; };
/* End PBXBuildFile section */

/* Begin PBXFileReference section */
		3B61154E29269FE200AF62E6 /* SOPKATHON.app */ = {isa = PBXFileReference; explicitFileType = wrapper.application; includeInIndex = 0; path = SOPKATHON.app; sourceTree = BUILT_PRODUCTS_DIR; };
		3B61155129269FE200AF62E6 /* AppDelegate.swift */ = {isa = PBXFileReference; lastKnownFileType = sourcecode.swift; path = AppDelegate.swift; sourceTree = "<group>"; };
		3B61155329269FE200AF62E6 /* SceneDelegate.swift */ = {isa = PBXFileReference; lastKnownFileType = sourcecode.swift; path = SceneDelegate.swift; sourceTree = "<group>"; };
		3B61155529269FE200AF62E6 /* ViewController.swift */ = {isa = PBXFileReference; lastKnownFileType = sourcecode.swift; path = ViewController.swift; sourceTree = "<group>"; };
		3B61155A29269FE300AF62E6 /* Image.xcassets */ = {isa = PBXFileReference; lastKnownFileType = folder.assetcatalog; path = Image.xcassets; sourceTree = "<group>"; };
		3B61155D29269FE300AF62E6 /* Base */ = {isa = PBXFileReference; lastKnownFileType = file.storyboard; name = Base; path = Base.lproj/LaunchScreen.storyboard; sourceTree = "<group>"; };
		3B61155F29269FE300AF62E6 /* Info.plist */ = {isa = PBXFileReference; lastKnownFileType = text.plist.xml; path = Info.plist; sourceTree = "<group>"; };
		3B61156D2926AABA00AF62E6 /* Color.xcassets */ = {isa = PBXFileReference; lastKnownFileType = folder.assetcatalog; path = Color.xcassets; sourceTree = "<group>"; };
		3B6115722926AB0B00AF62E6 /* UIView+.swift */ = {isa = PBXFileReference; lastKnownFileType = sourcecode.swift; path = "UIView+.swift"; sourceTree = "<group>"; };
		3B6115742926AB2900AF62E6 /* UIstackView+.swift */ = {isa = PBXFileReference; lastKnownFileType = sourcecode.swift; path = "UIstackView+.swift"; sourceTree = "<group>"; };
		3B6115762926ADB100AF62E6 /* UITabBar+.swift */ = {isa = PBXFileReference; lastKnownFileType = sourcecode.swift; path = "UITabBar+.swift"; sourceTree = "<group>"; };
		3B6115782926AEAA00AF62E6 /* Color.swift */ = {isa = PBXFileReference; lastKnownFileType = sourcecode.swift; path = Color.swift; sourceTree = "<group>"; };
		3B61157B2926AEB600AF62E6 /* String.swift */ = {isa = PBXFileReference; lastKnownFileType = sourcecode.swift; path = String.swift; sourceTree = "<group>"; };
		3B61157D2926AEC300AF62E6 /* Image.swift */ = {isa = PBXFileReference; lastKnownFileType = sourcecode.swift; path = Image.swift; sourceTree = "<group>"; };
		3B61157F2926B00B00AF62E6 /* Const.swift */ = {isa = PBXFileReference; lastKnownFileType = sourcecode.swift; path = Const.swift; sourceTree = "<group>"; };
		3B6115812926B0F800AF62E6 /* Adjusted+.swift */ = {isa = PBXFileReference; lastKnownFileType = sourcecode.swift; path = "Adjusted+.swift"; sourceTree = "<group>"; };
/* End PBXFileReference section */

/* Begin PBXFrameworksBuildPhase section */
		3B61154B29269FE200AF62E6 /* Frameworks */ = {
			isa = PBXFrameworksBuildPhase;
			buildActionMask = 2147483647;
			files = (
				3B6115882926B46800AF62E6 /* Kingfisher in Frameworks */,
				3B61158B2926B47000AF62E6 /* Then in Frameworks */,
				3B6115852926B45B00AF62E6 /* SnapKit in Frameworks */,
			);
			runOnlyForDeploymentPostprocessing = 0;
		};
/* End PBXFrameworksBuildPhase section */

/* Begin PBXGroup section */
		3B61154529269FE200AF62E6 = {
			isa = PBXGroup;
			children = (
				3B61155029269FE200AF62E6 /* SOPKATHON */,
				3B61154F29269FE200AF62E6 /* Products */,
			);
			sourceTree = "<group>";
		};
		3B61154F29269FE200AF62E6 /* Products */ = {
			isa = PBXGroup;
			children = (
				3B61154E29269FE200AF62E6 /* SOPKATHON.app */,
			);
			name = Products;
			sourceTree = "<group>";
		};
		3B61155029269FE200AF62E6 /* SOPKATHON */ = {
			isa = PBXGroup;
			children = (
				3B6115652926A0C600AF62E6 /* Application */,
				3B6115662926A7CF00AF62E6 /* Network */,
				3B6115672926A99300AF62E6 /* Presentation */,
				3B61156B2926AA3000AF62E6 /* Resource */,
				3B61156F2926AAC900AF62E6 /* Utils */,
			);
			path = SOPKATHON;
			sourceTree = "<group>";
		};
		3B6115652926A0C600AF62E6 /* Application */ = {
			isa = PBXGroup;
			children = (
				3B61155129269FE200AF62E6 /* AppDelegate.swift */,
				3B61155329269FE200AF62E6 /* SceneDelegate.swift */,
			);
			path = Application;
			sourceTree = "<group>";
		};
		3B6115662926A7CF00AF62E6 /* Network */ = {
			isa = PBXGroup;
			children = (
			);
			path = Network;
			sourceTree = "<group>";
		};
		3B6115672926A99300AF62E6 /* Presentation */ = {
			isa = PBXGroup;
			children = (
				3B6115682926AA0A00AF62E6 /* Scene */,
			);
			path = Presentation;
			sourceTree = "<group>";
		};
		3B6115682926AA0A00AF62E6 /* Scene */ = {
			isa = PBXGroup;
			children = (
				3B61156A2926AA1D00AF62E6 /* Cells */,
				3B6115692926AA1200AF62E6 /* ViewController */,
			);
			path = Scene;
			sourceTree = "<group>";
		};
		3B6115692926AA1200AF62E6 /* ViewController */ = {
			isa = PBXGroup;
			children = (
				3B61155529269FE200AF62E6 /* ViewController.swift */,
			);
			path = ViewController;
			sourceTree = "<group>";
		};
		3B61156A2926AA1D00AF62E6 /* Cells */ = {
			isa = PBXGroup;
			children = (
			);
			path = Cells;
			sourceTree = "<group>";
		};
		3B61156B2926AA3000AF62E6 /* Resource */ = {
			isa = PBXGroup;
			children = (
				3B61156C2926AA5700AF62E6 /* Font */,
				3B61156D2926AABA00AF62E6 /* Color.xcassets */,
				3B61155A29269FE300AF62E6 /* Image.xcassets */,
				3B61155C29269FE300AF62E6 /* LaunchScreen.storyboard */,
				3B61155F29269FE300AF62E6 /* Info.plist */,
			);
			path = Resource;
			sourceTree = "<group>";
		};
		3B61156C2926AA5700AF62E6 /* Font */ = {
			isa = PBXGroup;
			children = (
			);
			path = Font;
			sourceTree = "<group>";
		};
		3B61156F2926AAC900AF62E6 /* Utils */ = {
			isa = PBXGroup;
			children = (
				3B6115712926AAFA00AF62E6 /* Extension */,
				3B6115702926AAF400AF62E6 /* Constant */,
			);
			path = Utils;
			sourceTree = "<group>";
		};
		3B6115702926AAF400AF62E6 /* Constant */ = {
			isa = PBXGroup;
			children = (
				3B6115782926AEAA00AF62E6 /* Color.swift */,
				3B61157B2926AEB600AF62E6 /* String.swift */,
				3B61157D2926AEC300AF62E6 /* Image.swift */,
				3B61157F2926B00B00AF62E6 /* Const.swift */,
			);
			path = Constant;
			sourceTree = "<group>";
		};
		3B6115712926AAFA00AF62E6 /* Extension */ = {
			isa = PBXGroup;
			children = (
				3B6115722926AB0B00AF62E6 /* UIView+.swift */,
				3B6115742926AB2900AF62E6 /* UIstackView+.swift */,
				3B6115762926ADB100AF62E6 /* UITabBar+.swift */,
				3B6115812926B0F800AF62E6 /* Adjusted+.swift */,
			);
			path = Extension;
			sourceTree = "<group>";
		};
/* End PBXGroup section */

/* Begin PBXNativeTarget section */
		3B61154D29269FE200AF62E6 /* SOPKATHON */ = {
			isa = PBXNativeTarget;
			buildConfigurationList = 3B61156229269FE300AF62E6 /* Build configuration list for PBXNativeTarget "SOPKATHON" */;
			buildPhases = (
				3B61154A29269FE200AF62E6 /* Sources */,
				3B61154B29269FE200AF62E6 /* Frameworks */,
				3B61154C29269FE200AF62E6 /* Resources */,
			);
			buildRules = (
			);
			dependencies = (
			);
			name = SOPKATHON;
			packageProductDependencies = (
				3B6115842926B45B00AF62E6 /* SnapKit */,
				3B6115872926B46800AF62E6 /* Kingfisher */,
				3B61158A2926B47000AF62E6 /* Then */,
			);
			productName = SOPKATHON;
			productReference = 3B61154E29269FE200AF62E6 /* SOPKATHON.app */;
			productType = "com.apple.product-type.application";
		};
/* End PBXNativeTarget section */

/* Begin PBXProject section */
		3B61154629269FE200AF62E6 /* Project object */ = {
			isa = PBXProject;
			attributes = {
				BuildIndependentTargetsInParallel = 1;
				LastSwiftUpdateCheck = 1410;
				LastUpgradeCheck = 1410;
				TargetAttributes = {
					3B61154D29269FE200AF62E6 = {
						CreatedOnToolsVersion = 14.1;
					};
				};
			};
			buildConfigurationList = 3B61154929269FE200AF62E6 /* Build configuration list for PBXProject "SOPKATHON" */;
			compatibilityVersion = "Xcode 14.0";
			developmentRegion = en;
			hasScannedForEncodings = 0;
			knownRegions = (
				en,
				Base,
			);
			mainGroup = 3B61154529269FE200AF62E6;
			packageReferences = (
				3B6115832926B45B00AF62E6 /* XCRemoteSwiftPackageReference "SnapKit" */,
				3B6115862926B46800AF62E6 /* XCRemoteSwiftPackageReference "Kingfisher" */,
				3B6115892926B47000AF62E6 /* XCRemoteSwiftPackageReference "Then" */,
			);
			productRefGroup = 3B61154F29269FE200AF62E6 /* Products */;
			projectDirPath = "";
			projectRoot = "";
			targets = (
				3B61154D29269FE200AF62E6 /* SOPKATHON */,
			);
		};
/* End PBXProject section */

/* Begin PBXResourcesBuildPhase section */
		3B61154C29269FE200AF62E6 /* Resources */ = {
			isa = PBXResourcesBuildPhase;
			buildActionMask = 2147483647;
			files = (
				3B61155E29269FE300AF62E6 /* LaunchScreen.storyboard in Resources */,
				3B61155B29269FE300AF62E6 /* Image.xcassets in Resources */,
				3B61156E2926AABA00AF62E6 /* Color.xcassets in Resources */,
			);
			runOnlyForDeploymentPostprocessing = 0;
		};
/* End PBXResourcesBuildPhase section */

/* Begin PBXSourcesBuildPhase section */
		3B61154A29269FE200AF62E6 /* Sources */ = {
			isa = PBXSourcesBuildPhase;
			buildActionMask = 2147483647;
			files = (
				3B6115732926AB0B00AF62E6 /* UIView+.swift in Sources */,
				3B61157E2926AEC300AF62E6 /* Image.swift in Sources */,
				3B6115772926ADB100AF62E6 /* UITabBar+.swift in Sources */,
				3B6115792926AEAA00AF62E6 /* Color.swift in Sources */,
				3B61155629269FE200AF62E6 /* ViewController.swift in Sources */,
				3B6115752926AB2A00AF62E6 /* UIstackView+.swift in Sources */,
				3B61155229269FE200AF62E6 /* AppDelegate.swift in Sources */,
				3B61157C2926AEB600AF62E6 /* String.swift in Sources */,
				3B6115822926B0F800AF62E6 /* Adjusted+.swift in Sources */,
				3B61155429269FE200AF62E6 /* SceneDelegate.swift in Sources */,
				3B6115802926B00B00AF62E6 /* Const.swift in Sources */,
			);
			runOnlyForDeploymentPostprocessing = 0;
		};
/* End PBXSourcesBuildPhase section */

/* Begin PBXVariantGroup section */
		3B61155C29269FE300AF62E6 /* LaunchScreen.storyboard */ = {
			isa = PBXVariantGroup;
			children = (
				3B61155D29269FE300AF62E6 /* Base */,
			);
			name = LaunchScreen.storyboard;
			sourceTree = "<group>";
		};
/* End PBXVariantGroup section */

/* Begin XCBuildConfiguration section */
		3B61156029269FE300AF62E6 /* Debug */ = {
			isa = XCBuildConfiguration;
			buildSettings = {
				ALWAYS_SEARCH_USER_PATHS = NO;
				CLANG_ANALYZER_NONNULL = YES;
				CLANG_ANALYZER_NUMBER_OBJECT_CONVERSION = YES_AGGRESSIVE;
				CLANG_CXX_LANGUAGE_STANDARD = "gnu++20";
				CLANG_ENABLE_MODULES = YES;
				CLANG_ENABLE_OBJC_ARC = YES;
				CLANG_ENABLE_OBJC_WEAK = YES;
				CLANG_WARN_BLOCK_CAPTURE_AUTORELEASING = YES;
				CLANG_WARN_BOOL_CONVERSION = YES;
				CLANG_WARN_COMMA = YES;
				CLANG_WARN_CONSTANT_CONVERSION = YES;
				CLANG_WARN_DEPRECATED_OBJC_IMPLEMENTATIONS = YES;
				CLANG_WARN_DIRECT_OBJC_ISA_USAGE = YES_ERROR;
				CLANG_WARN_DOCUMENTATION_COMMENTS = YES;
				CLANG_WARN_EMPTY_BODY = YES;
				CLANG_WARN_ENUM_CONVERSION = YES;
				CLANG_WARN_INFINITE_RECURSION = YES;
				CLANG_WARN_INT_CONVERSION = YES;
				CLANG_WARN_NON_LITERAL_NULL_CONVERSION = YES;
				CLANG_WARN_OBJC_IMPLICIT_RETAIN_SELF = YES;
				CLANG_WARN_OBJC_LITERAL_CONVERSION = YES;
				CLANG_WARN_OBJC_ROOT_CLASS = YES_ERROR;
				CLANG_WARN_QUOTED_INCLUDE_IN_FRAMEWORK_HEADER = YES;
				CLANG_WARN_RANGE_LOOP_ANALYSIS = YES;
				CLANG_WARN_STRICT_PROTOTYPES = YES;
				CLANG_WARN_SUSPICIOUS_MOVE = YES;
				CLANG_WARN_UNGUARDED_AVAILABILITY = YES_AGGRESSIVE;
				CLANG_WARN_UNREACHABLE_CODE = YES;
				CLANG_WARN__DUPLICATE_METHOD_MATCH = YES;
				COPY_PHASE_STRIP = NO;
				DEBUG_INFORMATION_FORMAT = dwarf;
				ENABLE_STRICT_OBJC_MSGSEND = YES;
				ENABLE_TESTABILITY = YES;
				GCC_C_LANGUAGE_STANDARD = gnu11;
				GCC_DYNAMIC_NO_PIC = NO;
				GCC_NO_COMMON_BLOCKS = YES;
				GCC_OPTIMIZATION_LEVEL = 0;
				GCC_PREPROCESSOR_DEFINITIONS = (
					"DEBUG=1",
					"$(inherited)",
				);
				GCC_WARN_64_TO_32_BIT_CONVERSION = YES;
				GCC_WARN_ABOUT_RETURN_TYPE = YES_ERROR;
				GCC_WARN_UNDECLARED_SELECTOR = YES;
				GCC_WARN_UNINITIALIZED_AUTOS = YES_AGGRESSIVE;
				GCC_WARN_UNUSED_FUNCTION = YES;
				GCC_WARN_UNUSED_VARIABLE = YES;
				IPHONEOS_DEPLOYMENT_TARGET = 16.0;
				MTL_ENABLE_DEBUG_INFO = INCLUDE_SOURCE;
				MTL_FAST_MATH = YES;
				ONLY_ACTIVE_ARCH = YES;
				SDKROOT = iphoneos;
				SWIFT_ACTIVE_COMPILATION_CONDITIONS = DEBUG;
				SWIFT_OPTIMIZATION_LEVEL = "-Onone";
			};
			name = Debug;
		};
		3B61156129269FE300AF62E6 /* Release */ = {
			isa = XCBuildConfiguration;
			buildSettings = {
				ALWAYS_SEARCH_USER_PATHS = NO;
				CLANG_ANALYZER_NONNULL = YES;
				CLANG_ANALYZER_NUMBER_OBJECT_CONVERSION = YES_AGGRESSIVE;
				CLANG_CXX_LANGUAGE_STANDARD = "gnu++20";
				CLANG_ENABLE_MODULES = YES;
				CLANG_ENABLE_OBJC_ARC = YES;
				CLANG_ENABLE_OBJC_WEAK = YES;
				CLANG_WARN_BLOCK_CAPTURE_AUTORELEASING = YES;
				CLANG_WARN_BOOL_CONVERSION = YES;
				CLANG_WARN_COMMA = YES;
				CLANG_WARN_CONSTANT_CONVERSION = YES;
				CLANG_WARN_DEPRECATED_OBJC_IMPLEMENTATIONS = YES;
				CLANG_WARN_DIRECT_OBJC_ISA_USAGE = YES_ERROR;
				CLANG_WARN_DOCUMENTATION_COMMENTS = YES;
				CLANG_WARN_EMPTY_BODY = YES;
				CLANG_WARN_ENUM_CONVERSION = YES;
				CLANG_WARN_INFINITE_RECURSION = YES;
				CLANG_WARN_INT_CONVERSION = YES;
				CLANG_WARN_NON_LITERAL_NULL_CONVERSION = YES;
				CLANG_WARN_OBJC_IMPLICIT_RETAIN_SELF = YES;
				CLANG_WARN_OBJC_LITERAL_CONVERSION = YES;
				CLANG_WARN_OBJC_ROOT_CLASS = YES_ERROR;
				CLANG_WARN_QUOTED_INCLUDE_IN_FRAMEWORK_HEADER = YES;
				CLANG_WARN_RANGE_LOOP_ANALYSIS = YES;
				CLANG_WARN_STRICT_PROTOTYPES = YES;
				CLANG_WARN_SUSPICIOUS_MOVE = YES;
				CLANG_WARN_UNGUARDED_AVAILABILITY = YES_AGGRESSIVE;
				CLANG_WARN_UNREACHABLE_CODE = YES;
				CLANG_WARN__DUPLICATE_METHOD_MATCH = YES;
				COPY_PHASE_STRIP = NO;
				DEBUG_INFORMATION_FORMAT = "dwarf-with-dsym";
				ENABLE_NS_ASSERTIONS = NO;
				ENABLE_STRICT_OBJC_MSGSEND = YES;
				GCC_C_LANGUAGE_STANDARD = gnu11;
				GCC_NO_COMMON_BLOCKS = YES;
				GCC_WARN_64_TO_32_BIT_CONVERSION = YES;
				GCC_WARN_ABOUT_RETURN_TYPE = YES_ERROR;
				GCC_WARN_UNDECLARED_SELECTOR = YES;
				GCC_WARN_UNINITIALIZED_AUTOS = YES_AGGRESSIVE;
				GCC_WARN_UNUSED_FUNCTION = YES;
				GCC_WARN_UNUSED_VARIABLE = YES;
				IPHONEOS_DEPLOYMENT_TARGET = 16.0;
				MTL_ENABLE_DEBUG_INFO = NO;
				MTL_FAST_MATH = YES;
				SDKROOT = iphoneos;
				SWIFT_COMPILATION_MODE = wholemodule;
				SWIFT_OPTIMIZATION_LEVEL = "-O";
				VALIDATE_PRODUCT = YES;
			};
			name = Release;
		};
		3B61156329269FE300AF62E6 /* Debug */ = {
			isa = XCBuildConfiguration;
			buildSettings = {
				ASSETCATALOG_COMPILER_APPICON_NAME = AppIcon;
				ASSETCATALOG_COMPILER_GLOBAL_ACCENT_COLOR_NAME = AccentColor;
				CODE_SIGN_STYLE = Automatic;
				CURRENT_PROJECT_VERSION = 1;
				DEVELOPMENT_TEAM = 665TA4D5B9;
				GENERATE_INFOPLIST_FILE = YES;
				INFOPLIST_FILE = SOPKATHON/Resource/Info.plist;
				INFOPLIST_KEY_UIApplicationSupportsIndirectInputEvents = YES;
				INFOPLIST_KEY_UILaunchStoryboardName = LaunchScreen;
				INFOPLIST_KEY_UISupportedInterfaceOrientations_iPad = "UIInterfaceOrientationPortrait UIInterfaceOrientationPortraitUpsideDown UIInterfaceOrientationLandscapeLeft UIInterfaceOrientationLandscapeRight";
				INFOPLIST_KEY_UISupportedInterfaceOrientations_iPhone = "UIInterfaceOrientationPortrait UIInterfaceOrientationLandscapeLeft UIInterfaceOrientationLandscapeRight";
				LD_RUNPATH_SEARCH_PATHS = (
					"$(inherited)",
					"@executable_path/Frameworks",
				);
				MARKETING_VERSION = 1.0;
				PRODUCT_BUNDLE_IDENTIFIER = sopt.org.SOPKATHON;
				PRODUCT_NAME = "$(TARGET_NAME)";
				SWIFT_EMIT_LOC_STRINGS = YES;
				SWIFT_VERSION = 5.0;
				TARGETED_DEVICE_FAMILY = "1,2";
			};
			name = Debug;
		};
		3B61156429269FE300AF62E6 /* Release */ = {
			isa = XCBuildConfiguration;
			buildSettings = {
				ASSETCATALOG_COMPILER_APPICON_NAME = AppIcon;
				ASSETCATALOG_COMPILER_GLOBAL_ACCENT_COLOR_NAME = AccentColor;
				CODE_SIGN_STYLE = Automatic;
				CURRENT_PROJECT_VERSION = 1;
				DEVELOPMENT_TEAM = 665TA4D5B9;
				GENERATE_INFOPLIST_FILE = YES;
				INFOPLIST_FILE = SOPKATHON/Resource/Info.plist;
				INFOPLIST_KEY_UIApplicationSupportsIndirectInputEvents = YES;
				INFOPLIST_KEY_UILaunchStoryboardName = LaunchScreen;
				INFOPLIST_KEY_UISupportedInterfaceOrientations_iPad = "UIInterfaceOrientationPortrait UIInterfaceOrientationPortraitUpsideDown UIInterfaceOrientationLandscapeLeft UIInterfaceOrientationLandscapeRight";
				INFOPLIST_KEY_UISupportedInterfaceOrientations_iPhone = "UIInterfaceOrientationPortrait UIInterfaceOrientationLandscapeLeft UIInterfaceOrientationLandscapeRight";
				LD_RUNPATH_SEARCH_PATHS = (
					"$(inherited)",
					"@executable_path/Frameworks",
				);
				MARKETING_VERSION = 1.0;
				PRODUCT_BUNDLE_IDENTIFIER = sopt.org.SOPKATHON;
				PRODUCT_NAME = "$(TARGET_NAME)";
				SWIFT_EMIT_LOC_STRINGS = YES;
				SWIFT_VERSION = 5.0;
				TARGETED_DEVICE_FAMILY = "1,2";
			};
			name = Release;
		};
/* End XCBuildConfiguration section */

/* Begin XCConfigurationList section */
		3B61154929269FE200AF62E6 /* Build configuration list for PBXProject "SOPKATHON" */ = {
			isa = XCConfigurationList;
			buildConfigurations = (
				3B61156029269FE300AF62E6 /* Debug */,
				3B61156129269FE300AF62E6 /* Release */,
			);
			defaultConfigurationIsVisible = 0;
			defaultConfigurationName = Release;
		};
		3B61156229269FE300AF62E6 /* Build configuration list for PBXNativeTarget "SOPKATHON" */ = {
			isa = XCConfigurationList;
			buildConfigurations = (
				3B61156329269FE300AF62E6 /* Debug */,
				3B61156429269FE300AF62E6 /* Release */,
			);
			defaultConfigurationIsVisible = 0;
			defaultConfigurationName = Release;
		};
/* End XCConfigurationList section */

/* Begin XCRemoteSwiftPackageReference section */
		3B6115832926B45B00AF62E6 /* XCRemoteSwiftPackageReference "SnapKit" */ = {
			isa = XCRemoteSwiftPackageReference;
			repositoryURL = "https://github.com/SnapKit/SnapKit";
			requirement = {
				kind = upToNextMajorVersion;
				minimumVersion = 5.0.0;
			};
		};
		3B6115862926B46800AF62E6 /* XCRemoteSwiftPackageReference "Kingfisher" */ = {
			isa = XCRemoteSwiftPackageReference;
			repositoryURL = "https://github.com/onevcat/Kingfisher.git";
			requirement = {
				kind = upToNextMajorVersion;
				minimumVersion = 7.0.0;
			};
		};
		3B6115892926B47000AF62E6 /* XCRemoteSwiftPackageReference "Then" */ = {
			isa = XCRemoteSwiftPackageReference;
			repositoryURL = "https://github.com/devxoul/Then";
			requirement = {
				branch = master;
				kind = branch;
			};
		};
/* End XCRemoteSwiftPackageReference section */

/* Begin XCSwiftPackageProductDependency section */
		3B6115842926B45B00AF62E6 /* SnapKit */ = {
			isa = XCSwiftPackageProductDependency;
			package = 3B6115832926B45B00AF62E6 /* XCRemoteSwiftPackageReference "SnapKit" */;
			productName = SnapKit;
		};
		3B6115872926B46800AF62E6 /* Kingfisher */ = {
			isa = XCSwiftPackageProductDependency;
			package = 3B6115862926B46800AF62E6 /* XCRemoteSwiftPackageReference "Kingfisher" */;
			productName = Kingfisher;
		};
		3B61158A2926B47000AF62E6 /* Then */ = {
			isa = XCSwiftPackageProductDependency;
			package = 3B6115892926B47000AF62E6 /* XCRemoteSwiftPackageReference "Then" */;
			productName = Then;
		};
/* End XCSwiftPackageProductDependency section */
	};
	rootObject = 3B61154629269FE200AF62E6 /* Project object */;
}
